
Microsoft Visual Studio Solution File, Format Version 12.00
# Visual Studio Version 17
VisualStudioVersion = 17.2.32630.192
MinimumVisualStudioVersion = 10.0.40219.1
Project("{FAE04EC0-301F-11D3-BF4B-00C04F79EFBC}") = "TrackerLibrary", "TrackerLibrary\TrackerLibrary.csproj", "{81B24CBA-A8E1-4497-A290-C4FD2A91BEB0}"
EndProject
Project("{FAE04EC0-301F-11D3-BF4B-00C04F79EFBC}") = "TrackerUI", "TrackerUI\TrackerUI.csproj", "{960CBCE6-5CC0-45F4-995F-2267BF434B1C}"
EndProject
Global
	GlobalSection(SolutionConfigurationPlatforms) = preSolution
		Debug|Any CPU = Debug|Any CPU
		Release|Any CPU = Release|Any CPU
	EndGlobalSection
	GlobalSection(ProjectConfigurationPlatforms) = postSolution
		{81B24CBA-A8E1-4497-A290-C4FD2A91BEB0}.Debug|Any CPU.ActiveCfg = Debug|Any CPU
		{81B24CBA-A8E1-4497-A290-C4FD2A91BEB0}.Debug|Any CPU.Build.0 = Debug|Any CPU
		{81B24CBA-A8E1-4497-A290-C4FD2A91BEB0}.Release|Any CPU.ActiveCfg = Release|Any CPU
		{81B24CBA-A8E1-4497-A290-C4FD2A91BEB0}.Release|Any CPU.Build.0 = Release|Any CPU
		{960CBCE6-5CC0-45F4-995F-2267BF434B1C}.Debug|Any CPU.ActiveCfg = Debug|Any CPU
		{960CBCE6-5CC0-45F4-995F-2267BF434B1C}.Debug|Any CPU.Build.0 = Debug|Any CPU
		{960CBCE6-5CC0-45F4-995F-2267BF434B1C}.Release|Any CPU.ActiveCfg = Release|Any CPU
		{960CBCE6-5CC0-45F4-995F-2267BF434B1C}.Release|Any CPU.Build.0 = Release|Any CPU
	EndGlobalSection
	GlobalSection(SolutionProperties) = preSolution
		HideSolutionNode = FALSE
	EndGlobalSection
	GlobalSection(ExtensibilityGlobals) = postSolution
		SolutionGuid = {7081EF2B-08AC-4EBC-B1FA-C0E7907457BB}
	EndGlobalSection
EndGlobal
